
Microsoft Visual Studio Solution File, Format Version 12.00
# Visual Studio Version 17
VisualStudioVersion = 17.7.34009.444
MinimumVisualStudioVersion = 10.0.40219.1
Project("{FAE04EC0-301F-11D3-BF4B-00C04F79EFBC}") = "IntroDelegates", "IntroDelegates.csproj", "{395883B4-B742-4803-9F02-2642550F5952}"
EndProject
Global
	GlobalSection(SolutionConfigurationPlatforms) = preSolution
		Debug|Any CPU = Debug|Any CPU
		Release|Any CPU = Release|Any CPU
	EndGlobalSection
	GlobalSection(ProjectConfigurationPlatforms) = postSolution
		{395883B4-B742-4803-9F02-2642550F5952}.Debug|Any CPU.ActiveCfg = Debug|Any CPU
		{395883B4-B742-4803-9F02-2642550F5952}.Debug|Any CPU.Build.0 = Debug|Any CPU
		{395883B4-B742-4803-9F02-2642550F5952}.Release|Any CPU.ActiveCfg = Release|Any CPU
		{395883B4-B742-4803-9F02-2642550F5952}.Release|Any CPU.Build.0 = Release|Any CPU
	EndGlobalSection
	GlobalSection(SolutionProperties) = preSolution
		HideSolutionNode = FALSE
	EndGlobalSection
	GlobalSection(ExtensibilityGlobals) = postSolution
		SolutionGuid = {E6F38C40-D820-4C8C-80ED-58856691C049}
	EndGlobalSection
EndGlobal
